
Microsoft Visual Studio Solution File, Format Version 10.00
# Visual Studio 2008
Project("{FAE04EC0-301F-11D3-BF4B-00C04F79EFBC}") = "ManageQueues", "ManageQueues.csproj", "{29EC3D9A-4501-4F73-91FA-89FD98FC5CA0}"
EndProject
Global
	GlobalSection(SolutionConfigurationPlatforms) = preSolution
		Debug|Any CPU = Debug|Any CPU
		Release|Any CPU = Release|Any CPU
	EndGlobalSection
	GlobalSection(ProjectConfigurationPlatforms) = postSolution
		{29EC3D9A-4501-4F73-91FA-89FD98FC5CA0}.Debug|Any CPU.ActiveCfg = Debug|Any CPU
		{29EC3D9A-4501-4F73-91FA-89FD98FC5CA0}.Debug|Any CPU.Build.0 = Debug|Any CPU
		{29EC3D9A-4501-4F73-91FA-89FD98FC5CA0}.Release|Any CPU.ActiveCfg = Release|Any CPU
		{29EC3D9A-4501-4F73-91FA-89FD98FC5CA0}.Release|Any CPU.Build.0 = Release|Any CPU
	EndGlobalSection
	GlobalSection(SolutionProperties) = preSolution
		HideSolutionNode = FALSE
	EndGlobalSection
EndGlobal
